{
  "originHash" : "50311cec658a5a2318525967affc895e2bf2503f930ab6b7aba40524b6e94b3b",
  "pins" : [
    {
      "identity" : "boltz-mlx",
      "kind" : "remoteSourceControl",
      "location" : "https://github.com/javierbq/boltz-mlx.git",
      "state" : {
        "revision" : "908a7e40c70f542e6e3aa612fed44785487bd1d0",
        "version" : "0.2.1"
      }
    },
    {
      "identity" : "mlx-swift",
      "kind" : "remoteSourceControl",
      "location" : "https://github.com/ml-explore/mlx-swift",
      "state" : {
        "revision" : "0bb916c67f4b9e5c682cbe02a42c701c93ab5021",
        "version" : "0.31.6"
      }
    },
    {
      "identity" : "proteinmpnn-mlx",
      "kind" : "remoteSourceControl",
      "location" : "https://github.com/javierbq/proteinmpnn-mlx.git",
      "state" : {
        "revision" : "9cc71d2840a527c139eb9bacd624be01f8f48d95",
        "version" : "0.1.2"
      }
    },
    {
      "identity" : "protenix-mlx",
      "kind" : "remoteSourceControl",
      "location" : "https://github.com/javierbq/protenix-mlx.git",
      "state" : {
        "revision" : "965e5143429bd8321cf21971a29c772610f69b7f",
        "version" : "0.1.3"
      }
    },
    {
      "identity" : "rfd3-mlx",
      "kind" : "remoteSourceControl",
      "location" : "https://github.com/javierbq/rfd3-mlx.git",
      "state" : {
        "revision" : "4cfbae9285ec7a2c9bd553a3491cbc07a21367e0",
        "version" : "0.1.3"
      }
    },
    {
      "identity" : "sparkle",
      "kind" : "remoteSourceControl",
      "location" : "https://github.com/sparkle-project/Sparkle",
      "state" : {
        "revision" : "d46d456107feacc80711b21847b82b07bd9fb46e",
        "version" : "2.9.3"
      }
    },
    {
      "identity" : "swift-argument-parser",
      "kind" : "remoteSourceControl",
      "location" : "https://github.com/apple/swift-argument-parser",
      "state" : {
        "revision" : "6a52f3251125d74daf04fcbd5e6f08a75d074382",
        "version" : "1.8.2"
      }
    },
    {
      "identity" : "swift-numerics",
      "kind" : "remoteSourceControl",
      "location" : "https://github.com/apple/swift-numerics",
      "state" : {
        "revision" : "0c0290ff6b24942dadb83a929ffaaa1481df04a2",
        "version" : "1.1.1"
      }
    }
  ],
  "version" : 3
}
