{
  "originHash" : "b91c31a349f929b1906f517fae13f04085d0506bd25dcecf3db1bb097004fe0d",
  "pins" : [
    {
      "identity" : "boltz-mlx",
      "kind" : "remoteSourceControl",
      "location" : "https://github.com/javierbq/boltz-mlx.git",
      "state" : {
        "revision" : "c1856f22de567d200633c45b4786c97bca308282",
        "version" : "0.2.0"
      }
    },
    {
      "identity" : "mlx-swift",
      "kind" : "remoteSourceControl",
      "location" : "https://github.com/ml-explore/mlx-swift",
      "state" : {
        "revision" : "0bb916c67f4b9e5c682cbe02a42c701c93ab5021",
        "version" : "0.31.6"
      }
    },
    {
      "identity" : "proteinmpnn-mlx",
      "kind" : "remoteSourceControl",
      "location" : "https://github.com/javierbq/proteinmpnn-mlx.git",
      "state" : {
        "revision" : "9cc71d2840a527c139eb9bacd624be01f8f48d95",
        "version" : "0.1.2"
      }
    },
    {
      "identity" : "sparkle",
      "kind" : "remoteSourceControl",
      "location" : "https://github.com/sparkle-project/Sparkle",
      "state" : {
        "revision" : "d46d456107feacc80711b21847b82b07bd9fb46e",
        "version" : "2.9.3"
      }
    },
    {
      "identity" : "swift-argument-parser",
      "kind" : "remoteSourceControl",
      "location" : "https://github.com/apple/swift-argument-parser",
      "state" : {
        "revision" : "6a52f3251125d74daf04fcbd5e6f08a75d074382",
        "version" : "1.8.2"
      }
    },
    {
      "identity" : "swift-numerics",
      "kind" : "remoteSourceControl",
      "location" : "https://github.com/apple/swift-numerics",
      "state" : {
        "revision" : "0c0290ff6b24942dadb83a929ffaaa1481df04a2",
        "version" : "1.1.1"
      }
    }
  ],
  "version" : 3
}
